
Microsoft Visual Studio Solution File, Format Version 12.00
# Visual Studio Version 17
VisualStudioVersion = 17.8.34309.116
MinimumVisualStudioVersion = 10.0.40219.1
Project("{FAE04EC0-301F-11D3-BF4B-00C04F79EFBC}") = "PredictorAdaptiv", "PredictorAdaptiv.csproj", "{10982584-4FD5-48C9-B41B-441715D68BAE}"
EndProject
Global
	GlobalSection(SolutionConfigurationPlatforms) = preSolution
		Debug|Any CPU = Debug|Any CPU
		Release|Any CPU = Release|Any CPU
	EndGlobalSection
	GlobalSection(ProjectConfigurationPlatforms) = postSolution
		{10982584-4FD5-48C9-B41B-441715D68BAE}.Debug|Any CPU.ActiveCfg = Debug|Any CPU
		{10982584-4FD5-48C9-B41B-441715D68BAE}.Debug|Any CPU.Build.0 = Debug|Any CPU
		{10982584-4FD5-48C9-B41B-441715D68BAE}.Release|Any CPU.ActiveCfg = Release|Any CPU
		{10982584-4FD5-48C9-B41B-441715D68BAE}.Release|Any CPU.Build.0 = Release|Any CPU
	EndGlobalSection
	GlobalSection(SolutionProperties) = preSolution
		HideSolutionNode = FALSE
	EndGlobalSection
	GlobalSection(ExtensibilityGlobals) = postSolution
		SolutionGuid = {0328787A-E78D-443E-A439-87DFB974B1B5}
	EndGlobalSection
EndGlobal
